
Microsoft Visual Studio Solution File, Format Version 12.00
# Visual Studio Version 17
VisualStudioVersion = 17.3.32929.385
MinimumVisualStudioVersion = 10.0.40219.1
Project("{8BC9CEB8-8B4A-11D0-8D11-00A0C91BC942}") = "simpleUserProfile", "simpleUserProfile\simpleUserProfile.vcxproj", "{4C0B65E3-390B-4768-8643-8C2BB904BDEF}"
EndProject
Global
	GlobalSection(SolutionConfigurationPlatforms) = preSolution
		Debug|x64 = Debug|x64
		Debug|x86 = Debug|x86
		Release|x64 = Release|x64
		Release|x86 = Release|x86
	EndGlobalSection
	GlobalSection(ProjectConfigurationPlatforms) = postSolution
		{4C0B65E3-390B-4768-8643-8C2BB904BDEF}.Debug|x64.ActiveCfg = Debug|x64
		{4C0B65E3-390B-4768-8643-8C2BB904BDEF}.Debug|x64.Build.0 = Debug|x64
		{4C0B65E3-390B-4768-8643-8C2BB904BDEF}.Debug|x86.ActiveCfg = Debug|Win32
		{4C0B65E3-390B-4768-8643-8C2BB904BDEF}.Debug|x86.Build.0 = Debug|Win32
		{4C0B65E3-390B-4768-8643-8C2BB904BDEF}.Release|x64.ActiveCfg = Release|x64
		{4C0B65E3-390B-4768-8643-8C2BB904BDEF}.Release|x64.Build.0 = Release|x64
		{4C0B65E3-390B-4768-8643-8C2BB904BDEF}.Release|x86.ActiveCfg = Release|Win32
		{4C0B65E3-390B-4768-8643-8C2BB904BDEF}.Release|x86.Build.0 = Release|Win32
	EndGlobalSection
	GlobalSection(SolutionProperties) = preSolution
		HideSolutionNode = FALSE
	EndGlobalSection
	GlobalSection(ExtensibilityGlobals) = postSolution
		SolutionGuid = {405BBD4F-3A91-45DE-9D45-EA3713988366}
	EndGlobalSection
EndGlobal
